
Microsoft Visual Studio Solution File, Format Version 12.00
# Visual Studio Version 17
VisualStudioVersion = 17.0.31919.166
MinimumVisualStudioVersion = 10.0.40219.1
Project("{FAE04EC0-301F-11D3-BF4B-00C04F79EFBC}") = "Queue2", "Queue2\Queue2.csproj", "{4BD5AA1E-C798-4FDB-897E-C41109ED166B}"
EndProject
Global
	GlobalSection(SolutionConfigurationPlatforms) = preSolution
		Debug|Any CPU = Debug|Any CPU
		Release|Any CPU = Release|Any CPU
	EndGlobalSection
	GlobalSection(ProjectConfigurationPlatforms) = postSolution
		{4BD5AA1E-C798-4FDB-897E-C41109ED166B}.Debug|Any CPU.ActiveCfg = Debug|Any CPU
		{4BD5AA1E-C798-4FDB-897E-C41109ED166B}.Debug|Any CPU.Build.0 = Debug|Any CPU
		{4BD5AA1E-C798-4FDB-897E-C41109ED166B}.Release|Any CPU.ActiveCfg = Release|Any CPU
		{4BD5AA1E-C798-4FDB-897E-C41109ED166B}.Release|Any CPU.Build.0 = Release|Any CPU
	EndGlobalSection
	GlobalSection(SolutionProperties) = preSolution
		HideSolutionNode = FALSE
	EndGlobalSection
	GlobalSection(ExtensibilityGlobals) = postSolution
		SolutionGuid = {F43A8996-5F3C-4C85-83A4-A00D7B193012}
	EndGlobalSection
EndGlobal
